
Microsoft Visual Studio Solution File, Format Version 12.00
# Visual Studio 14
VisualStudioVersion = 14.0.23107.0
MinimumVisualStudioVersion = 10.0.40219.1
Project("{8BC9CEB8-8B4A-11D0-8D11-00A0C91BC942}") = "RSALib", "RSALib\RSALib.vcxproj", "{9CA7F776-B07C-4BBE-B05F-4AB8920DF2F2}"
EndProject
Project("{8BC9CEB8-8B4A-11D0-8D11-00A0C91BC942}") = "TestRSALib", "TestRSALib\TestRSALib.vcxproj", "{0DDD8B53-422A-446F-BC93-23CC4BDBA7F5}"
	ProjectSection(ProjectDependencies) = postProject
		{9CA7F776-B07C-4BBE-B05F-4AB8920DF2F2} = {9CA7F776-B07C-4BBE-B05F-4AB8920DF2F2}
	EndProjectSection
EndProject
Project("{8BC9CEB8-8B4A-11D0-8D11-00A0C91BC942}") = "RSAGUITest", "RSAGUITest\RSAGUITest.vcxproj", "{50DE0B37-2573-498A-A875-339D326566B3}"
	ProjectSection(ProjectDependencies) = postProject
		{9CA7F776-B07C-4BBE-B05F-4AB8920DF2F2} = {9CA7F776-B07C-4BBE-B05F-4AB8920DF2F2}
	EndProjectSection
EndProject
Global
	GlobalSection(SolutionConfigurationPlatforms) = preSolution
		Debug|x64 = Debug|x64
		Debug|x86 = Debug|x86
		Release|x64 = Release|x64
		Release|x86 = Release|x86
	EndGlobalSection
	GlobalSection(ProjectConfigurationPlatforms) = postSolution
		{9CA7F776-B07C-4BBE-B05F-4AB8920DF2F2}.Debug|x64.ActiveCfg = Debug|x64
		{9CA7F776-B07C-4BBE-B05F-4AB8920DF2F2}.Debug|x64.Build.0 = Debug|x64
		{9CA7F776-B07C-4BBE-B05F-4AB8920DF2F2}.Debug|x86.ActiveCfg = Debug|Win32
		{9CA7F776-B07C-4BBE-B05F-4AB8920DF2F2}.Debug|x86.Build.0 = Debug|Win32
		{9CA7F776-B07C-4BBE-B05F-4AB8920DF2F2}.Release|x64.ActiveCfg = Release|x64
		{9CA7F776-B07C-4BBE-B05F-4AB8920DF2F2}.Release|x64.Build.0 = Release|x64
		{9CA7F776-B07C-4BBE-B05F-4AB8920DF2F2}.Release|x86.ActiveCfg = Release|Win32
		{9CA7F776-B07C-4BBE-B05F-4AB8920DF2F2}.Release|x86.Build.0 = Release|Win32
		{0DDD8B53-422A-446F-BC93-23CC4BDBA7F5}.Debug|x64.ActiveCfg = Debug|x64
		{0DDD8B53-422A-446F-BC93-23CC4BDBA7F5}.Debug|x64.Build.0 = Debug|x64
		{0DDD8B53-422A-446F-BC93-23CC4BDBA7F5}.Debug|x86.ActiveCfg = Debug|Win32
		{0DDD8B53-422A-446F-BC93-23CC4BDBA7F5}.Debug|x86.Build.0 = Debug|Win32
		{0DDD8B53-422A-446F-BC93-23CC4BDBA7F5}.Release|x64.ActiveCfg = Release|x64
		{0DDD8B53-422A-446F-BC93-23CC4BDBA7F5}.Release|x64.Build.0 = Release|x64
		{0DDD8B53-422A-446F-BC93-23CC4BDBA7F5}.Release|x86.ActiveCfg = Release|Win32
		{0DDD8B53-422A-446F-BC93-23CC4BDBA7F5}.Release|x86.Build.0 = Release|Win32
		{50DE0B37-2573-498A-A875-339D326566B3}.Debug|x64.ActiveCfg = Debug|x64
		{50DE0B37-2573-498A-A875-339D326566B3}.Debug|x64.Build.0 = Debug|x64
		{50DE0B37-2573-498A-A875-339D326566B3}.Debug|x86.ActiveCfg = Debug|Win32
		{50DE0B37-2573-498A-A875-339D326566B3}.Debug|x86.Build.0 = Debug|Win32
		{50DE0B37-2573-498A-A875-339D326566B3}.Release|x64.ActiveCfg = Release|x64
		{50DE0B37-2573-498A-A875-339D326566B3}.Release|x64.Build.0 = Release|x64
		{50DE0B37-2573-498A-A875-339D326566B3}.Release|x86.ActiveCfg = Release|Win32
		{50DE0B37-2573-498A-A875-339D326566B3}.Release|x86.Build.0 = Release|Win32
	EndGlobalSection
	GlobalSection(SolutionProperties) = preSolution
		HideSolutionNode = FALSE
	EndGlobalSection
EndGlobal
